
Microsoft Visual Studio Solution File, Format Version 12.00
# Visual Studio 15
VisualStudioVersion = 15.0.28307.572
MinimumVisualStudioVersion = 10.0.40219.1
Project("{9A19103F-16F7-4668-BE54-9A1E7A4F7556}") = "Prototype.OpenTelematics.Api", "Prototype.OpenTelematics.Api\Prototype.OpenTelematics.Api.csproj", "{FD2A996F-50BA-4D28-BE6D-6E3ED0DE4F43}"
EndProject
Project("{9A19103F-16F7-4668-BE54-9A1E7A4F7556}") = "Prototype.OpenTelematics.Models", "Prototype.OpenTelematics.Models\Prototype.OpenTelematics.Models.csproj", "{48DE46E5-FB9C-4E15-9F97-EBB45D8A7371}"
EndProject
Project("{9A19103F-16F7-4668-BE54-9A1E7A4F7556}") = "Prototype.OpenTelematics.DataAccess", "Prototype.OpenTelematics.DataAccess\Prototype.OpenTelematics.DataAccess.csproj", "{37FFFC98-11F0-49F9-95F8-E19A6F45A370}"
EndProject
Project("{00D1A9C2-B5F0-4AF3-8072-F6C62B433612}") = "Prototype.Telematics.BridgeServer", "Prototype.Telematics.BridgeServer\Prototype.Telematics.BridgeServer.sqlproj", "{07398DC7-B803-4610-8DE4-5EFB992AE51D}"
EndProject
Project("{9A19103F-16F7-4668-BE54-9A1E7A4F7556}") = "Prototype.Telematics.DataSimulator", "Prototype.Telematics.DataSimulator\Prototype.Telematics.DataSimulator.csproj", "{F915F4C3-8D36-4908-A1A3-F5D6EADAD86F}"
EndProject
Project("{9A19103F-16F7-4668-BE54-9A1E7A4F7556}") = "Prototype.Telematics.FaultSimulator", "Prototype.Telematics.FaultSimulator\Prototype.Telematics.FaultSimulator.csproj", "{6272C096-D31F-4143-B8A6-114DBB291CB1}"
EndProject
Project("{FAE04EC0-301F-11D3-BF4B-00C04F79EFBC}") = "Prototype.Telematics.LogEventSimulator", "Prototype.Telematics.LogEventSimulator\Prototype.Telematics.LogEventSimulator.csproj", "{8D0E4C14-56BC-463E-9B26-505E5A1D0032}"
EndProject
Global
	GlobalSection(SolutionConfigurationPlatforms) = preSolution
		Debug|Any CPU = Debug|Any CPU
		Release|Any CPU = Release|Any CPU
	EndGlobalSection
	GlobalSection(ProjectConfigurationPlatforms) = postSolution
		{FD2A996F-50BA-4D28-BE6D-6E3ED0DE4F43}.Debug|Any CPU.ActiveCfg = Debug|Any CPU
		{FD2A996F-50BA-4D28-BE6D-6E3ED0DE4F43}.Debug|Any CPU.Build.0 = Debug|Any CPU
		{FD2A996F-50BA-4D28-BE6D-6E3ED0DE4F43}.Release|Any CPU.ActiveCfg = Release|Any CPU
		{FD2A996F-50BA-4D28-BE6D-6E3ED0DE4F43}.Release|Any CPU.Build.0 = Release|Any CPU
		{48DE46E5-FB9C-4E15-9F97-EBB45D8A7371}.Debug|Any CPU.ActiveCfg = Debug|Any CPU
		{48DE46E5-FB9C-4E15-9F97-EBB45D8A7371}.Debug|Any CPU.Build.0 = Debug|Any CPU
		{48DE46E5-FB9C-4E15-9F97-EBB45D8A7371}.Release|Any CPU.ActiveCfg = Release|Any CPU
		{48DE46E5-FB9C-4E15-9F97-EBB45D8A7371}.Release|Any CPU.Build.0 = Release|Any CPU
		{37FFFC98-11F0-49F9-95F8-E19A6F45A370}.Debug|Any CPU.ActiveCfg = Debug|Any CPU
		{37FFFC98-11F0-49F9-95F8-E19A6F45A370}.Debug|Any CPU.Build.0 = Debug|Any CPU
		{37FFFC98-11F0-49F9-95F8-E19A6F45A370}.Release|Any CPU.ActiveCfg = Release|Any CPU
		{37FFFC98-11F0-49F9-95F8-E19A6F45A370}.Release|Any CPU.Build.0 = Release|Any CPU
		{07398DC7-B803-4610-8DE4-5EFB992AE51D}.Debug|Any CPU.ActiveCfg = Debug|Any CPU
		{07398DC7-B803-4610-8DE4-5EFB992AE51D}.Debug|Any CPU.Build.0 = Debug|Any CPU
		{07398DC7-B803-4610-8DE4-5EFB992AE51D}.Debug|Any CPU.Deploy.0 = Debug|Any CPU
		{07398DC7-B803-4610-8DE4-5EFB992AE51D}.Release|Any CPU.ActiveCfg = Release|Any CPU
		{07398DC7-B803-4610-8DE4-5EFB992AE51D}.Release|Any CPU.Build.0 = Release|Any CPU
		{07398DC7-B803-4610-8DE4-5EFB992AE51D}.Release|Any CPU.Deploy.0 = Release|Any CPU
		{F915F4C3-8D36-4908-A1A3-F5D6EADAD86F}.Debug|Any CPU.ActiveCfg = Debug|Any CPU
		{F915F4C3-8D36-4908-A1A3-F5D6EADAD86F}.Debug|Any CPU.Build.0 = Debug|Any CPU
		{F915F4C3-8D36-4908-A1A3-F5D6EADAD86F}.Release|Any CPU.ActiveCfg = Release|Any CPU
		{F915F4C3-8D36-4908-A1A3-F5D6EADAD86F}.Release|Any CPU.Build.0 = Release|Any CPU
		{6272C096-D31F-4143-B8A6-114DBB291CB1}.Debug|Any CPU.ActiveCfg = Debug|Any CPU
		{6272C096-D31F-4143-B8A6-114DBB291CB1}.Debug|Any CPU.Build.0 = Debug|Any CPU
		{6272C096-D31F-4143-B8A6-114DBB291CB1}.Release|Any CPU.ActiveCfg = Release|Any CPU
		{6272C096-D31F-4143-B8A6-114DBB291CB1}.Release|Any CPU.Build.0 = Release|Any CPU
		{8D0E4C14-56BC-463E-9B26-505E5A1D0032}.Debug|Any CPU.ActiveCfg = Debug|Any CPU
		{8D0E4C14-56BC-463E-9B26-505E5A1D0032}.Debug|Any CPU.Build.0 = Debug|Any CPU
		{8D0E4C14-56BC-463E-9B26-505E5A1D0032}.Release|Any CPU.ActiveCfg = Release|Any CPU
		{8D0E4C14-56BC-463E-9B26-505E5A1D0032}.Release|Any CPU.Build.0 = Release|Any CPU
	EndGlobalSection
	GlobalSection(SolutionProperties) = preSolution
		HideSolutionNode = FALSE
	EndGlobalSection
	GlobalSection(ExtensibilityGlobals) = postSolution
		SolutionGuid = {91076DE8-F478-4AB8-B28A-7C1AB4293AA0}
	EndGlobalSection
EndGlobal
